
Microsoft Visual Studio Solution File, Format Version 12.00
Project("{FAE04EC0-301F-11D3-BF4B-00C04F79EFBC}") = "AspDeck", "src\AspDeck\AspDeck.csproj", "{E87B4A8D-8161-4149-BFE4-8E3827AB498B}"
EndProject
Project("{FAE04EC0-301F-11D3-BF4B-00C04F79EFBC}") = "AspDeck.Tests", "tests\AspDeck.Tests\AspDeck.Tests.csproj", "{50F6A2C2-A12C-47EC-BBAC-9BC888C97301}"
EndProject
Project("{FAE04EC0-301F-11D3-BF4B-00C04F79EFBC}") = "Build", "build\Build.csproj", "{FB6FD961-93EA-41EA-BD1A-E29AAB223AC3}"
EndProject
Project("{2150E333-8FDC-42A3-9474-1A3956D46DE8}") = "Assets", "Assets", "{114E64FA-1F65-4878-A145-227B2F7052DD}"
	ProjectSection(SolutionItems) = preProject
		appveyor.yml = appveyor.yml
		build.ps1 = build.ps1
		build.sh = build.sh
		.github\workflows\ci-cd.yml = .github\workflows\ci-cd.yml
	EndProjectSection
EndProject
Global
	GlobalSection(SolutionConfigurationPlatforms) = preSolution
		Debug|Any CPU = Debug|Any CPU
		Release|Any CPU = Release|Any CPU
	EndGlobalSection
	GlobalSection(ProjectConfigurationPlatforms) = postSolution
		{E87B4A8D-8161-4149-BFE4-8E3827AB498B}.Debug|Any CPU.ActiveCfg = Debug|Any CPU
		{E87B4A8D-8161-4149-BFE4-8E3827AB498B}.Debug|Any CPU.Build.0 = Debug|Any CPU
		{E87B4A8D-8161-4149-BFE4-8E3827AB498B}.Release|Any CPU.ActiveCfg = Release|Any CPU
		{E87B4A8D-8161-4149-BFE4-8E3827AB498B}.Release|Any CPU.Build.0 = Release|Any CPU
		{50F6A2C2-A12C-47EC-BBAC-9BC888C97301}.Debug|Any CPU.ActiveCfg = Debug|Any CPU
		{50F6A2C2-A12C-47EC-BBAC-9BC888C97301}.Debug|Any CPU.Build.0 = Debug|Any CPU
		{50F6A2C2-A12C-47EC-BBAC-9BC888C97301}.Release|Any CPU.ActiveCfg = Release|Any CPU
		{50F6A2C2-A12C-47EC-BBAC-9BC888C97301}.Release|Any CPU.Build.0 = Release|Any CPU
		{FB6FD961-93EA-41EA-BD1A-E29AAB223AC3}.Debug|Any CPU.ActiveCfg = Debug|Any CPU
		{FB6FD961-93EA-41EA-BD1A-E29AAB223AC3}.Debug|Any CPU.Build.0 = Debug|Any CPU
		{FB6FD961-93EA-41EA-BD1A-E29AAB223AC3}.Release|Any CPU.ActiveCfg = Release|Any CPU
		{FB6FD961-93EA-41EA-BD1A-E29AAB223AC3}.Release|Any CPU.Build.0 = Release|Any CPU
	EndGlobalSection
EndGlobal
